
Microsoft Visual Studio Solution File, Format Version 12.00
# Visual Studio Version 16
VisualStudioVersion = 16.0.30611.23
MinimumVisualStudioVersion = 10.0.40219.1
Project("{FAE04EC0-301F-11D3-BF4B-00C04F79EFBC}") = "Vercom-products", "Vercom-products\Vercom-products.csproj", "{8716F148-3B96-41E1-99AE-C1C07763987B}"
EndProject
Project("{FAE04EC0-301F-11D3-BF4B-00C04F79EFBC}") = "Vercom-products.Tests", "Vercom-products.Tests\Vercom-products.Tests.csproj", "{07C6D224-8081-42AE-8055-D8542AA6A91D}"
EndProject
Global
	GlobalSection(SolutionConfigurationPlatforms) = preSolution
		Debug|Any CPU = Debug|Any CPU
		Release|Any CPU = Release|Any CPU
	EndGlobalSection
	GlobalSection(ProjectConfigurationPlatforms) = postSolution
		{8716F148-3B96-41E1-99AE-C1C07763987B}.Debug|Any CPU.ActiveCfg = Debug|Any CPU
		{8716F148-3B96-41E1-99AE-C1C07763987B}.Debug|Any CPU.Build.0 = Debug|Any CPU
		{8716F148-3B96-41E1-99AE-C1C07763987B}.Release|Any CPU.ActiveCfg = Release|Any CPU
		{8716F148-3B96-41E1-99AE-C1C07763987B}.Release|Any CPU.Build.0 = Release|Any CPU
		{07C6D224-8081-42AE-8055-D8542AA6A91D}.Debug|Any CPU.ActiveCfg = Debug|Any CPU
		{07C6D224-8081-42AE-8055-D8542AA6A91D}.Debug|Any CPU.Build.0 = Debug|Any CPU
		{07C6D224-8081-42AE-8055-D8542AA6A91D}.Release|Any CPU.ActiveCfg = Release|Any CPU
		{07C6D224-8081-42AE-8055-D8542AA6A91D}.Release|Any CPU.Build.0 = Release|Any CPU
	EndGlobalSection
	GlobalSection(SolutionProperties) = preSolution
		HideSolutionNode = FALSE
	EndGlobalSection
	GlobalSection(ExtensibilityGlobals) = postSolution
		SolutionGuid = {459EE165-1C53-4B99-A602-4DF349AA078B}
	EndGlobalSection
EndGlobal
